
Microsoft Visual Studio Solution File, Format Version 12.00
# Visual Studio Version 16
VisualStudioVersion = 16.0.30002.166
MinimumVisualStudioVersion = 10.0.40219.1
Project("{FAE04EC0-301F-11D3-BF4B-00C04F79EFBC}") = "PropMaint", "PropMaint.csproj", "{03EBABE6-FB5C-4E83-859F-D5F802186C22}"
EndProject
Project("{FAE04EC0-301F-11D3-BF4B-00C04F79EFBC}") = "PropMaint.Common", "..\PropMaint.Common\PropMaint.Common.csproj", "{2154530C-7208-40DD-BF52-710CF53B500F}"
EndProject
Project("{FAE04EC0-301F-11D3-BF4B-00C04F79EFBC}") = "PropMaint.Data", "..\PropMaint.Data\PropMaint.Data.csproj", "{2164BC30-7F12-41DB-9797-AF8B345E92FD}"
EndProject
Project("{FAE04EC0-301F-11D3-BF4B-00C04F79EFBC}") = "PropMaint.Service", "..\PropMaint.Service\PropMaint.Service.csproj", "{A91D0FD2-80F1-4511-8D88-737A50E59BC4}"
EndProject
Project("{FAE04EC0-301F-11D3-BF4B-00C04F79EFBC}") = "PropMaint.Injector", "..\PropMaint.Injector\PropMaint.Injector.csproj", "{22688D00-0438-49C7-A6A9-FC1A0E8CE24F}"
EndProject
Global
	GlobalSection(SolutionConfigurationPlatforms) = preSolution
		Debug|Any CPU = Debug|Any CPU
		Release|Any CPU = Release|Any CPU
	EndGlobalSection
	GlobalSection(ProjectConfigurationPlatforms) = postSolution
		{03EBABE6-FB5C-4E83-859F-D5F802186C22}.Debug|Any CPU.ActiveCfg = Debug|Any CPU
		{03EBABE6-FB5C-4E83-859F-D5F802186C22}.Debug|Any CPU.Build.0 = Debug|Any CPU
		{03EBABE6-FB5C-4E83-859F-D5F802186C22}.Release|Any CPU.ActiveCfg = Release|Any CPU
		{03EBABE6-FB5C-4E83-859F-D5F802186C22}.Release|Any CPU.Build.0 = Release|Any CPU
		{2154530C-7208-40DD-BF52-710CF53B500F}.Debug|Any CPU.ActiveCfg = Debug|Any CPU
		{2154530C-7208-40DD-BF52-710CF53B500F}.Debug|Any CPU.Build.0 = Debug|Any CPU
		{2154530C-7208-40DD-BF52-710CF53B500F}.Release|Any CPU.ActiveCfg = Release|Any CPU
		{2154530C-7208-40DD-BF52-710CF53B500F}.Release|Any CPU.Build.0 = Release|Any CPU
		{2164BC30-7F12-41DB-9797-AF8B345E92FD}.Debug|Any CPU.ActiveCfg = Debug|Any CPU
		{2164BC30-7F12-41DB-9797-AF8B345E92FD}.Debug|Any CPU.Build.0 = Debug|Any CPU
		{2164BC30-7F12-41DB-9797-AF8B345E92FD}.Release|Any CPU.ActiveCfg = Release|Any CPU
		{2164BC30-7F12-41DB-9797-AF8B345E92FD}.Release|Any CPU.Build.0 = Release|Any CPU
		{A91D0FD2-80F1-4511-8D88-737A50E59BC4}.Debug|Any CPU.ActiveCfg = Debug|Any CPU
		{A91D0FD2-80F1-4511-8D88-737A50E59BC4}.Debug|Any CPU.Build.0 = Debug|Any CPU
		{A91D0FD2-80F1-4511-8D88-737A50E59BC4}.Release|Any CPU.ActiveCfg = Release|Any CPU
		{A91D0FD2-80F1-4511-8D88-737A50E59BC4}.Release|Any CPU.Build.0 = Release|Any CPU
		{22688D00-0438-49C7-A6A9-FC1A0E8CE24F}.Debug|Any CPU.ActiveCfg = Debug|Any CPU
		{22688D00-0438-49C7-A6A9-FC1A0E8CE24F}.Debug|Any CPU.Build.0 = Debug|Any CPU
		{22688D00-0438-49C7-A6A9-FC1A0E8CE24F}.Release|Any CPU.ActiveCfg = Release|Any CPU
		{22688D00-0438-49C7-A6A9-FC1A0E8CE24F}.Release|Any CPU.Build.0 = Release|Any CPU
	EndGlobalSection
	GlobalSection(SolutionProperties) = preSolution
		HideSolutionNode = FALSE
	EndGlobalSection
	GlobalSection(ExtensibilityGlobals) = postSolution
		SolutionGuid = {DDF6CA73-E8A2-493E-A4C7-5DBF78F92FFF}
	EndGlobalSection
EndGlobal
